version = 1
requires-python = ">=3.11"
resolution-markers = [
    "python_full_version < '3.12'",
    "python_full_version >= '3.12'",
]

[[package]]
name = "astroid"
version = "3.2.4"
source = { registry = "https://pypi.org/simple" }
sdist = { url = "https://files.pythonhosted.org/packages/9e/53/1067e1113ecaf58312357f2cd93063674924119d80d173adc3f6f2387aa2/astroid-3.2.4.tar.gz", hash = "sha256:0e14202810b30da1b735827f78f5157be2bbd4a7a59b7707ca0bfc2fb4c0063a", size = 397576 }
wheels = [
    { url = "https://files.pythonhosted.org/packages/80/96/b32bbbb46170a1c8b8b1f28c794202e25cfe743565e9d3469b8eb1e0cc05/astroid-3.2.4-py3-none-any.whl", hash = "sha256:413658a61eeca6202a59231abb473f932038fbcbf1666587f66d482083413a25", size = 276348 },
]

[[package]]
name = "autopep8"
version = "2.3.1"
source = { registry = "https://pypi.org/simple" }
dependencies = [
    { name = "pycodestyle" },
]
sdist = { url = "https://files.pythonhosted.org/packages/6c/52/65556a5f917a4b273fd1b705f98687a6bd721dbc45966f0f6687e90a18b0/autopep8-2.3.1.tar.gz", hash = "sha256:8d6c87eba648fdcfc83e29b788910b8643171c395d9c4bcf115ece035b9c9dda", size = 92064 }
wheels = [
    { url = "https://files.pythonhosted.org/packages/ad/9e/f0beffe45b507dca9d7540fad42b316b2fd1076dc484c9b1f23d9da570d7/autopep8-2.3.1-py2.py3-none-any.whl", hash = "sha256:a203fe0fcad7939987422140ab17a930f684763bf7335bdb6709991dd7ef6c2d", size = 45667 },
]

[[package]]
name = "click"
version = "8.1.7"
source = { registry = "https://pypi.org/simple" }
dependencies = [
    { name = "colorama", marker = "platform_system == 'Windows'" },
]
sdist = { url = "https://files.pythonhosted.org/packages/96/d3/f04c7bfcf5c1862a2a5b845c6b2b360488cf47af55dfa79c98f6a6bf98b5/click-8.1.7.tar.gz", hash = "sha256:ca9853ad459e787e2192211578cc907e7594e294c7ccc834310722b41b9ca6de", size = 336121 }
wheels = [
    { url = "https://files.pythonhosted.org/packages/00/2e/d53fa4befbf2cfa713304affc7ca780ce4fc1fd8710527771b58311a3229/click-8.1.7-py3-none-any.whl", hash = "sha256:ae74fb96c20a0277a1d615f1e4d73c8414f5a98db8b799a7931d1582f3390c28", size = 97941 },
]

[[package]]
name = "colorama"
version = "0.4.6"
source = { registry = "https://pypi.org/simple" }
sdist = { url = "https://files.pythonhosted.org/packages/d8/53/6f443c9a4a8358a93a6792e2acffb9d9d5cb0a5cfd8802644b7b1c9a02e4/colorama-0.4.6.tar.gz", hash = "sha256:08695f5cb7ed6e0531a20572697297273c47b8cae5a63ffc6d6ed5c201be6e44", size = 27697 }
wheels = [
    { url = "https://files.pythonhosted.org/packages/d1/d6/3965ed04c63042e047cb6a3e6ed1a63a35087b6a609aa3a15ed8ac56c221/colorama-0.4.6-py2.py3-none-any.whl", hash = "sha256:4f1d9991f5acc0ca119f9d443620b77f9d6b33703e51011c16baf57afb285fc6", size = 25335 },
]

[[package]]
name = "complexipy"
version = "0.4.0"
source = { registry = "https://pypi.org/simple" }
dependencies = [
    { name = "typer" },
]
sdist = { url = "https://files.pythonhosted.org/packages/5b/4e/bf9a48d79ecc757198dbfe57c4d740cf08d57edffabb9f16af40ea86874a/complexipy-0.4.0.tar.gz", hash = "sha256:ee8d8bffc325e6071ae136fc21e07988d576ebd55ff13bd0625d499cdd0aaf1e", size = 21912 }
wheels = [
    { url = "https://files.pythonhosted.org/packages/ab/05/c0e0cc88ecde9cbf74bef6df027c9f637f291789a135964aa269d7cde0a5/complexipy-0.4.0-cp311-cp311-macosx_10_12_x86_64.whl", hash = "sha256:31b1a67e656918fe21cea8d10235b03d6327c9635b0b14ed602d0269544a2c76", size = 2176846 },
    { url = "https://files.pythonhosted.org/packages/14/31/736f5bc44587085c11fcf0a49c7a0d1114c947d7e7cb58b25860b59ad407/complexipy-0.4.0-cp311-cp311-macosx_11_0_arm64.whl", hash = "sha256:d323cecba53f07fb2842e95898a8ad6724be590d2950e0d1287ff20f2952913c", size = 2060294 },
    { url = "https://files.pythonhosted.org/packages/e3/32/d13c5ce339d452046b11d51ae811d0c1c6b60150b9b6ff0cf0af61098658/complexipy-0.4.0-cp311-cp311-manylinux_2_17_aarch64.manylinux2014_aarch64.whl", hash = "sha256:8d1c2b65fcefde90ee4bb22a3e9838c2aa1669b10dc172e0fd1ce9e912d9ee69", size = 2245621 },
    { url = "https://files.pythonhosted.org/packages/71/37/25b1455589cd3b93b0a9e5a83058ef33138a2309c4cbbe181c4557416778/complexipy-0.4.0-cp311-cp311-manylinux_2_17_armv7l.manylinux2014_armv7l.whl", hash = "sha256:b891740df005c2c5fd07d447a9acd2060c6cdec091c9238d48716d27c9adb74e", size = 2212034 },
    { url = "https://files.pythonhosted.org/packages/da/6d/7d09f0fbe53b6df0d9000d91654ba9fa857ed7740e5b58bb16ad55de8a26/complexipy-0.4.0-cp311-cp311-manylinux_2_17_i686.manylinux2014_i686.whl", hash = "sha256:fb94a444f0e11e0b6ba58ee2076f80dd44114b0465ce8f1f35fa4915287b38e2", size = 2400483 },
    { url = "https://files.pythonhosted.org/packages/37/a3/9a3d51d35bfc0383025427ffdf8632704ad08444e46310b94977ecb9d7d8/complexipy-0.4.0-cp311-cp311-manylinux_2_17_ppc64le.manylinux2014_ppc64le.whl", hash = "sha256:480b90c8d4fd165563ff290d4b327d49be750300a6a47d6a9b7621588a82e361", size = 2448572 },
    { url = "https://files.pythonhosted.org/packages/63/4d/4e8e20f45fb94ac71b4f46f9ca2791441ac86131034a01351cd3386448d1/complexipy-0.4.0-cp311-cp311-manylinux_2_17_s390x.manylinux2014_s390x.whl", hash = "sha256:93f06b64b0f5ff978d64f0a25d5996fe2fb61cff0b88a5b1c5e23341134c1121", size = 2575215 },
    { url = "https://files.pythonhosted.org/packages/0a/d2/b6e87b4eff189c8b27404a02b5f5bdeb39690176be91ec7dd6f5260d4c3e/complexipy-0.4.0-cp311-cp311-manylinux_2_17_x86_64.manylinux2014_x86_64.whl", hash = "sha256:10f658f6536d6a57afaaa62c428e607277607e10bc80706a7ea4fa921234fb30", size = 2319263 },
    { url = "https://files.pythonhosted.org/packages/78/e2/53ed099a4108bd8f46364bfd091810715ec3210717d14d7a2ec2045b64f7/complexipy-0.4.0-cp311-none-win32.whl", hash = "sha256:e9195af486d39494939f656bf585aed64a36977643e0bc286d80664dace7fd14", size = 1909234 },
    { url = "https://files.pythonhosted.org/packages/ae/d0/bdc1e80cdc0abec4af7e53ff63a1acd5ffbc0aa96f1ae65a0bf88ca97385/complexipy-0.4.0-cp311-none-win_amd64.whl", hash = "sha256:07792ca5f512a7f9f377f0c1a2017b0a219fa17a20c0f375307575f8ddd01eb6", size = 2066116 },
    { url = "https://files.pythonhosted.org/packages/93/6c/98e5b9f19e2dc9ed55271fda0330f95db02704e4d3d58715168e4fedeb59/complexipy-0.4.0-cp312-cp312-macosx_10_12_x86_64.whl", hash = "sha256:957daddc2693466b93e610a4c668a0e5376bdd8a886158fa1e4540241a48a895", size = 2176942 },
    { url = "https://files.pythonhosted.org/packages/e4/10/efa85f9348c16873428c57433d597047c146b770095cb54b7da9549eb5d4/complexipy-0.4.0-cp312-cp312-macosx_11_0_arm64.whl", hash = "sha256:0ec2e0701d2a33e6cb0bb2134fcc4ba81d74002c444c06a73016847261731abc", size = 2059888 },
    { url = "https://files.pythonhosted.org/packages/26/27/c6408f0608dfe0704b72a4ae5d4450481b45041bcb5b9b95c57c1fd83ded/complexipy-0.4.0-cp312-cp312-manylinux_2_17_aarch64.manylinux2014_aarch64.whl", hash = "sha256:3aac3ebf5e4801d3a202401d88b0eaed8feea83c8a154b4ba7deebf70757c878", size = 2243886 },
    { url = "https://files.pythonhosted.org/packages/ab/82/0ee11aa1d00a095ac9e9cdbd538386aed85b553d23e7f79fe57dbc9012e5/complexipy-0.4.0-cp312-cp312-manylinux_2_17_armv7l.manylinux2014_armv7l.whl", hash = "sha256:bffe8da7d7ac1404509b3752f9e8991ea3005b50cca2a80b654ea8a0b30084eb", size = 2211056 },
    { url = "https://files.pythonhosted.org/packages/63/0e/0ea73347ecd7e61d2123ea8d117e054b836759965b89654c20edb650e18a/complexipy-0.4.0-cp312-cp312-manylinux_2_17_i686.manylinux2014_i686.whl", hash = "sha256:e9eaccd5cb2e6ffed4370aa90532621319b66f1ee0440ceda2016a7e059a2101", size = 2399187 },
    { url = "https://files.pythonhosted.org/packages/35/bd/f4de6855037ecf87a6910f446f3d1ae3aeb5c25fa9cabde77d190c2fc379/complexipy-0.4.0-cp312-cp312-manylinux_2_17_ppc64le.manylinux2014_ppc64le.whl", hash = "sha256:53ce8567a0f2481e693eca77caa78dd7baaea9c5a81eb372d495ee70c098d338", size = 2444860 },
    { url = "https://files.pythonhosted.org/packages/7c/db/862943378fc887e5cf80d3562168636410293689419f67446fbe05d061ce/complexipy-0.4.0-cp312-cp312-manylinux_2_17_s390x.manylinux2014_s390x.whl", hash = "sha256:2fb22096c5798bd04eac26624c58dda56e9203cea737f3038f260bc14ca403da", size = 2562509 },
    { url = "https://files.pythonhosted.org/packages/94/44/cd91aca02dd9da22df3cf0fc25f111d69f81a92f6ebd156355d03476bf42/complexipy-0.4.0-cp312-cp312-manylinux_2_17_x86_64.manylinux2014_x86_64.whl", hash = "sha256:be54d77e6328157f7d12ec0986b15b03dc96dc343492714701524c2999ff07af", size = 2318162 },
    { url = "https://files.pythonhosted.org/packages/96/2f/606c5f9ad5cb62de18d55ecf2a40bc02a62c0c15493dbc0c5f643ff74e8a/complexipy-0.4.0-cp312-none-win32.whl", hash = "sha256:d42c79018f7fb5c238cbc3b9918f261f0287fc14306ea4bffb26c5e38fbd70bf", size = 1909095 },
    { url = "https://files.pythonhosted.org/packages/2c/09/c001345839823a0f269d4c603787cdf6225af227120aee1e7ad5271c9a63/complexipy-0.4.0-cp312-none-win_amd64.whl", hash = "sha256:090b9552f15c681e4d4be2125eac3fc158a8843aac97480a4065ab901ec8d6a0", size = 2065326 },
]

[[package]]
name = "coverage"
version = "7.6.1"
source = { registry = "https://pypi.org/simple" }
sdist = { url = "https://files.pythonhosted.org/packages/f7/08/7e37f82e4d1aead42a7443ff06a1e406aabf7302c4f00a546e4b320b994c/coverage-7.6.1.tar.gz", hash = "sha256:953510dfb7b12ab69d20135a0662397f077c59b1e6379a768e97c59d852ee51d", size = 798791 }
wheels = [
    { url = "https://files.pythonhosted.org/packages/ad/5f/67af7d60d7e8ce61a4e2ddcd1bd5fb787180c8d0ae0fbd073f903b3dd95d/coverage-7.6.1-cp311-cp311-macosx_10_9_x86_64.whl", hash = "sha256:7dea0889685db8550f839fa202744652e87c60015029ce3f60e006f8c4462c93", size = 206796 },
    { url = "https://files.pythonhosted.org/packages/e1/0e/e52332389e057daa2e03be1fbfef25bb4d626b37d12ed42ae6281d0a274c/coverage-7.6.1-cp311-cp311-macosx_11_0_arm64.whl", hash = "sha256:ed37bd3c3b063412f7620464a9ac1314d33100329f39799255fb8d3027da50d3", size = 207244 },
    { url = "https://files.pythonhosted.org/packages/aa/cd/766b45fb6e090f20f8927d9c7cb34237d41c73a939358bc881883fd3a40d/coverage-7.6.1-cp311-cp311-manylinux_2_17_aarch64.manylinux2014_aarch64.whl", hash = "sha256:d85f5e9a5f8b73e2350097c3756ef7e785f55bd71205defa0bfdaf96c31616ff", size = 239279 },
    { url = "https://files.pythonhosted.org/packages/70/6c/a9ccd6fe50ddaf13442a1e2dd519ca805cbe0f1fcd377fba6d8339b98ccb/coverage-7.6.1-cp311-cp311-manylinux_2_5_i686.manylinux1_i686.manylinux_2_17_i686.manylinux2014_i686.whl", hash = "sha256:9bc572be474cafb617672c43fe989d6e48d3c83af02ce8de73fff1c6bb3c198d", size = 236859 },
    { url = "https://files.pythonhosted.org/packages/14/6f/8351b465febb4dbc1ca9929505202db909c5a635c6fdf33e089bbc3d7d85/coverage-7.6.1-cp311-cp311-manylinux_2_5_x86_64.manylinux1_x86_64.manylinux_2_17_x86_64.manylinux2014_x86_64.whl", hash = "sha256:0c0420b573964c760df9e9e86d1a9a622d0d27f417e1a949a8a66dd7bcee7bc6", size = 238549 },
    { url = "https://files.pythonhosted.org/packages/68/3c/289b81fa18ad72138e6d78c4c11a82b5378a312c0e467e2f6b495c260907/coverage-7.6.1-cp311-cp311-musllinux_1_2_aarch64.whl", hash = "sha256:1f4aa8219db826ce6be7099d559f8ec311549bfc4046f7f9fe9b5cea5c581c56", size = 237477 },
    { url = "https://files.pythonhosted.org/packages/ed/1c/aa1efa6459d822bd72c4abc0b9418cf268de3f60eeccd65dc4988553bd8d/coverage-7.6.1-cp311-cp311-musllinux_1_2_i686.whl", hash = "sha256:fc5a77d0c516700ebad189b587de289a20a78324bc54baee03dd486f0855d234", size = 236134 },
    { url = "https://files.pythonhosted.org/packages/fb/c8/521c698f2d2796565fe9c789c2ee1ccdae610b3aa20b9b2ef980cc253640/coverage-7.6.1-cp311-cp311-musllinux_1_2_x86_64.whl", hash = "sha256:b48f312cca9621272ae49008c7f613337c53fadca647d6384cc129d2996d1133", size = 236910 },
    { url = "https://files.pythonhosted.org/packages/7d/30/033e663399ff17dca90d793ee8a2ea2890e7fdf085da58d82468b4220bf7/coverage-7.6.1-cp311-cp311-win32.whl", hash = "sha256:1125ca0e5fd475cbbba3bb67ae20bd2c23a98fac4e32412883f9bcbaa81c314c", size = 209348 },
    { url = "https://files.pythonhosted.org/packages/20/05/0d1ccbb52727ccdadaa3ff37e4d2dc1cd4d47f0c3df9eb58d9ec8508ca88/coverage-7.6.1-cp311-cp311-win_amd64.whl", hash = "sha256:8ae539519c4c040c5ffd0632784e21b2f03fc1340752af711f33e5be83a9d6c6", size = 210230 },
    { url = "https://files.pythonhosted.org/packages/7e/d4/300fc921dff243cd518c7db3a4c614b7e4b2431b0d1145c1e274fd99bd70/coverage-7.6.1-cp312-cp312-macosx_10_9_x86_64.whl", hash = "sha256:95cae0efeb032af8458fc27d191f85d1717b1d4e49f7cb226cf526ff28179778", size = 206983 },
    { url = "https://files.pythonhosted.org/packages/e1/ab/6bf00de5327ecb8db205f9ae596885417a31535eeda6e7b99463108782e1/coverage-7.6.1-cp312-cp312-macosx_11_0_arm64.whl", hash = "sha256:5621a9175cf9d0b0c84c2ef2b12e9f5f5071357c4d2ea6ca1cf01814f45d2391", size = 207221 },
    { url = "https://files.pythonhosted.org/packages/92/8f/2ead05e735022d1a7f3a0a683ac7f737de14850395a826192f0288703472/coverage-7.6.1-cp312-cp312-manylinux_2_17_aarch64.manylinux2014_aarch64.whl", hash = "sha256:260933720fdcd75340e7dbe9060655aff3af1f0c5d20f46b57f262ab6c86a5e8", size = 240342 },
    { url = "https://files.pythonhosted.org/packages/0f/ef/94043e478201ffa85b8ae2d2c79b4081e5a1b73438aafafccf3e9bafb6b5/coverage-7.6.1-cp312-cp312-manylinux_2_5_i686.manylinux1_i686.manylinux_2_17_i686.manylinux2014_i686.whl", hash = "sha256:07e2ca0ad381b91350c0ed49d52699b625aab2b44b65e1b4e02fa9df0e92ad2d", size = 237371 },
    { url = "https://files.pythonhosted.org/packages/1f/0f/c890339dd605f3ebc269543247bdd43b703cce6825b5ed42ff5f2d6122c7/coverage-7.6.1-cp312-cp312-manylinux_2_5_x86_64.manylinux1_x86_64.manylinux_2_17_x86_64.manylinux2014_x86_64.whl", hash = "sha256:c44fee9975f04b33331cb8eb272827111efc8930cfd582e0320613263ca849ca", size = 239455 },
    { url = "https://files.pythonhosted.org/packages/d1/04/7fd7b39ec7372a04efb0f70c70e35857a99b6a9188b5205efb4c77d6a57a/coverage-7.6.1-cp312-cp312-musllinux_1_2_aarch64.whl", hash = "sha256:877abb17e6339d96bf08e7a622d05095e72b71f8afd8a9fefc82cf30ed944163", size = 238924 },
    { url = "https://files.pythonhosted.org/packages/ed/bf/73ce346a9d32a09cf369f14d2a06651329c984e106f5992c89579d25b27e/coverage-7.6.1-cp312-cp312-musllinux_1_2_i686.whl", hash = "sha256:3e0cadcf6733c09154b461f1ca72d5416635e5e4ec4e536192180d34ec160f8a", size = 237252 },
    { url = "https://files.pythonhosted.org/packages/86/74/1dc7a20969725e917b1e07fe71a955eb34bc606b938316bcc799f228374b/coverage-7.6.1-cp312-cp312-musllinux_1_2_x86_64.whl", hash = "sha256:c3c02d12f837d9683e5ab2f3d9844dc57655b92c74e286c262e0fc54213c216d", size = 238897 },
    { url = "https://files.pythonhosted.org/packages/b6/e9/d9cc3deceb361c491b81005c668578b0dfa51eed02cd081620e9a62f24ec/coverage-7.6.1-cp312-cp312-win32.whl", hash = "sha256:e05882b70b87a18d937ca6768ff33cc3f72847cbc4de4491c8e73880766718e5", size = 209606 },
    { url = "https://files.pythonhosted.org/packages/47/c8/5a2e41922ea6740f77d555c4d47544acd7dc3f251fe14199c09c0f5958d3/coverage-7.6.1-cp312-cp312-win_amd64.whl", hash = "sha256:b5d7b556859dd85f3a541db6a4e0167b86e7273e1cdc973e5b175166bb634fdb", size = 210373 },
    { url = "https://files.pythonhosted.org/packages/8c/f9/9aa4dfb751cb01c949c990d136a0f92027fbcc5781c6e921df1cb1563f20/coverage-7.6.1-cp313-cp313-macosx_10_13_x86_64.whl", hash = "sha256:a4acd025ecc06185ba2b801f2de85546e0b8ac787cf9d3b06e7e2a69f925b106", size = 207007 },
    { url = "https://files.pythonhosted.org/packages/b9/67/e1413d5a8591622a46dd04ff80873b04c849268831ed5c304c16433e7e30/coverage-7.6.1-cp313-cp313-macosx_11_0_arm64.whl", hash = "sha256:a6d3adcf24b624a7b778533480e32434a39ad8fa30c315208f6d3e5542aeb6e9", size = 207269 },
    { url = "https://files.pythonhosted.org/packages/14/5b/9dec847b305e44a5634d0fb8498d135ab1d88330482b74065fcec0622224/coverage-7.6.1-cp313-cp313-manylinux_2_17_aarch64.manylinux2014_aarch64.whl", hash = "sha256:d0c212c49b6c10e6951362f7c6df3329f04c2b1c28499563d4035d964ab8e08c", size = 239886 },
    { url = "https://files.pythonhosted.org/packages/7b/b7/35760a67c168e29f454928f51f970342d23cf75a2bb0323e0f07334c85f3/coverage-7.6.1-cp313-cp313-manylinux_2_5_i686.manylinux1_i686.manylinux_2_17_i686.manylinux2014_i686.whl", hash = "sha256:6e81d7a3e58882450ec4186ca59a3f20a5d4440f25b1cff6f0902ad890e6748a", size = 237037 },
    { url = "https://files.pythonhosted.org/packages/f7/95/d2fd31f1d638df806cae59d7daea5abf2b15b5234016a5ebb502c2f3f7ee/coverage-7.6.1-cp313-cp313-manylinux_2_5_x86_64.manylinux1_x86_64.manylinux_2_17_x86_64.manylinux2014_x86_64.whl", hash = "sha256:78b260de9790fd81e69401c2dc8b17da47c8038176a79092a89cb2b7d945d060", size = 239038 },
    { url = "https://files.pythonhosted.org/packages/6e/bd/110689ff5752b67924efd5e2aedf5190cbbe245fc81b8dec1abaffba619d/coverage-7.6.1-cp313-cp313-musllinux_1_2_aarch64.whl", hash = "sha256:a78d169acd38300060b28d600344a803628c3fd585c912cacc9ea8790fe96862", size = 238690 },
    { url = "https://files.pythonhosted.org/packages/d3/a8/08d7b38e6ff8df52331c83130d0ab92d9c9a8b5462f9e99c9f051a4ae206/coverage-7.6.1-cp313-cp313-musllinux_1_2_i686.whl", hash = "sha256:2c09f4ce52cb99dd7505cd0fc8e0e37c77b87f46bc9c1eb03fe3bc9991085388", size = 236765 },
    { url = "https://files.pythonhosted.org/packages/d6/6a/9cf96839d3147d55ae713eb2d877f4d777e7dc5ba2bce227167d0118dfe8/coverage-7.6.1-cp313-cp313-musllinux_1_2_x86_64.whl", hash = "sha256:6878ef48d4227aace338d88c48738a4258213cd7b74fd9a3d4d7582bb1d8a155", size = 238611 },
    { url = "https://files.pythonhosted.org/packages/74/e4/7ff20d6a0b59eeaab40b3140a71e38cf52547ba21dbcf1d79c5a32bba61b/coverage-7.6.1-cp313-cp313-win32.whl", hash = "sha256:44df346d5215a8c0e360307d46ffaabe0f5d3502c8a1cefd700b34baf31d411a", size = 209671 },
    { url = "https://files.pythonhosted.org/packages/35/59/1812f08a85b57c9fdb6d0b383d779e47b6f643bc278ed682859512517e83/coverage-7.6.1-cp313-cp313-win_amd64.whl", hash = "sha256:8284cf8c0dd272a247bc154eb6c95548722dce90d098c17a883ed36e67cdb129", size = 210368 },
    { url = "https://files.pythonhosted.org/packages/9c/15/08913be1c59d7562a3e39fce20661a98c0a3f59d5754312899acc6cb8a2d/coverage-7.6.1-cp313-cp313t-macosx_10_13_x86_64.whl", hash = "sha256:d3296782ca4eab572a1a4eca686d8bfb00226300dcefdf43faa25b5242ab8a3e", size = 207758 },
    { url = "https://files.pythonhosted.org/packages/c4/ae/b5d58dff26cade02ada6ca612a76447acd69dccdbb3a478e9e088eb3d4b9/coverage-7.6.1-cp313-cp313t-macosx_11_0_arm64.whl", hash = "sha256:502753043567491d3ff6d08629270127e0c31d4184c4c8d98f92c26f65019962", size = 208035 },
    { url = "https://files.pythonhosted.org/packages/b8/d7/62095e355ec0613b08dfb19206ce3033a0eedb6f4a67af5ed267a8800642/coverage-7.6.1-cp313-cp313t-manylinux_2_17_aarch64.manylinux2014_aarch64.whl", hash = "sha256:6a89ecca80709d4076b95f89f308544ec8f7b4727e8a547913a35f16717856cb", size = 250839 },
    { url = "https://files.pythonhosted.org/packages/7c/1e/c2967cb7991b112ba3766df0d9c21de46b476d103e32bb401b1b2adf3380/coverage-7.6.1-cp313-cp313t-manylinux_2_5_i686.manylinux1_i686.manylinux_2_17_i686.manylinux2014_i686.whl", hash = "sha256:a318d68e92e80af8b00fa99609796fdbcdfef3629c77c6283566c6f02c6d6704", size = 246569 },
    { url = "https://files.pythonhosted.org/packages/8b/61/a7a6a55dd266007ed3b1df7a3386a0d760d014542d72f7c2c6938483b7bd/coverage-7.6.1-cp313-cp313t-manylinux_2_5_x86_64.manylinux1_x86_64.manylinux_2_17_x86_64.manylinux2014_x86_64.whl", hash = "sha256:13b0a73a0896988f053e4fbb7de6d93388e6dd292b0d87ee51d106f2c11b465b", size = 248927 },
    { url = "https://files.pythonhosted.org/packages/c8/fa/13a6f56d72b429f56ef612eb3bc5ce1b75b7ee12864b3bd12526ab794847/coverage-7.6.1-cp313-cp313t-musllinux_1_2_aarch64.whl", hash = "sha256:4421712dbfc5562150f7554f13dde997a2e932a6b5f352edcce948a815efee6f", size = 248401 },
    { url = "https://files.pythonhosted.org/packages/75/06/0429c652aa0fb761fc60e8c6b291338c9173c6aa0f4e40e1902345b42830/coverage-7.6.1-cp313-cp313t-musllinux_1_2_i686.whl", hash = "sha256:166811d20dfea725e2e4baa71fffd6c968a958577848d2131f39b60043400223", size = 246301 },
    { url = "https://files.pythonhosted.org/packages/52/76/1766bb8b803a88f93c3a2d07e30ffa359467810e5cbc68e375ebe6906efb/coverage-7.6.1-cp313-cp313t-musllinux_1_2_x86_64.whl", hash = "sha256:225667980479a17db1048cb2bf8bfb39b8e5be8f164b8f6628b64f78a72cf9d3", size = 247598 },
    { url = "https://files.pythonhosted.org/packages/66/8b/f54f8db2ae17188be9566e8166ac6df105c1c611e25da755738025708d54/coverage-7.6.1-cp313-cp313t-win32.whl", hash = "sha256:170d444ab405852903b7d04ea9ae9b98f98ab6d7e63e1115e82620807519797f", size = 210307 },
    { url = "https://files.pythonhosted.org/packages/9f/b0/e0dca6da9170aefc07515cce067b97178cefafb512d00a87a1c717d2efd5/coverage-7.6.1-cp313-cp313t-win_amd64.whl", hash = "sha256:b9f222de8cded79c49bf184bdbc06630d4c58eec9459b939b4a690c82ed05657", size = 211453 },
]

[package.optional-dependencies]
toml = [
    { name = "tomli", marker = "python_full_version == '3.11'" },
]

[[package]]
name = "dill"
version = "0.3.8"
source = { registry = "https://pypi.org/simple" }
sdist = { url = "https://files.pythonhosted.org/packages/17/4d/ac7ffa80c69ea1df30a8aa11b3578692a5118e7cd1aa157e3ef73b092d15/dill-0.3.8.tar.gz", hash = "sha256:3ebe3c479ad625c4553aca177444d89b486b1d84982eeacded644afc0cf797ca", size = 184847 }
wheels = [
    { url = "https://files.pythonhosted.org/packages/c9/7a/cef76fd8438a42f96db64ddaa85280485a9c395e7df3db8158cfec1eee34/dill-0.3.8-py3-none-any.whl", hash = "sha256:c36ca9ffb54365bdd2f8eb3eff7d2a21237f8452b57ace88b1ac615b7e815bd7", size = 116252 },
]

[[package]]
name = "iniconfig"
version = "2.0.0"
source = { registry = "https://pypi.org/simple" }
sdist = { url = "https://files.pythonhosted.org/packages/d7/4b/cbd8e699e64a6f16ca3a8220661b5f83792b3017d0f79807cb8708d33913/iniconfig-2.0.0.tar.gz", hash = "sha256:2d91e135bf72d31a410b17c16da610a82cb55f6b0477d1a902134b24a455b8b3", size = 4646 }
wheels = [
    { url = "https://files.pythonhosted.org/packages/ef/a6/62565a6e1cf69e10f5727360368e451d4b7f58beeac6173dc9db836a5b46/iniconfig-2.0.0-py3-none-any.whl", hash = "sha256:b6a85871a79d2e3b22d2d1b94ac2824226a63c6b741c88f7ae975f18b6778374", size = 5892 },
]

[[package]]
name = "isort"
version = "5.13.2"
source = { registry = "https://pypi.org/simple" }
sdist = { url = "https://files.pythonhosted.org/packages/87/f9/c1eb8635a24e87ade2efce21e3ce8cd6b8630bb685ddc9cdaca1349b2eb5/isort-5.13.2.tar.gz", hash = "sha256:48fdfcb9face5d58a4f6dde2e72a1fb8dcaf8ab26f95ab49fab84c2ddefb0109", size = 175303 }
wheels = [
    { url = "https://files.pythonhosted.org/packages/d1/b3/8def84f539e7d2289a02f0524b944b15d7c75dab7628bedf1c4f0992029c/isort-5.13.2-py3-none-any.whl", hash = "sha256:8ca5e72a8d85860d5a3fa69b8745237f2939afe12dbf656afbcb47fe72d947a6", size = 92310 },
]

[[package]]
name = "markdown-it-py"
version = "3.0.0"
source = { registry = "https://pypi.org/simple" }
dependencies = [
    { name = "mdurl" },
]
sdist = { url = "https://files.pythonhosted.org/packages/38/71/3b932df36c1a044d397a1f92d1cf91ee0a503d91e470cbd670aa66b07ed0/markdown-it-py-3.0.0.tar.gz", hash = "sha256:e3f60a94fa066dc52ec76661e37c851cb232d92f9886b15cb560aaada2df8feb", size = 74596 }
wheels = [
    { url = "https://files.pythonhosted.org/packages/42/d7/1ec15b46af6af88f19b8e5ffea08fa375d433c998b8a7639e76935c14f1f/markdown_it_py-3.0.0-py3-none-any.whl", hash = "sha256:355216845c60bd96232cd8d8c40e8f9765cc86f46880e43a8fd22dc1a1a8cab1", size = 87528 },
]

[[package]]
name = "mccabe"
version = "0.7.0"
source = { registry = "https://pypi.org/simple" }
sdist = { url = "https://files.pythonhosted.org/packages/e7/ff/0ffefdcac38932a54d2b5eed4e0ba8a408f215002cd178ad1df0f2806ff8/mccabe-0.7.0.tar.gz", hash = "sha256:348e0240c33b60bbdf4e523192ef919f28cb2c3d7d5c7794f74009290f236325", size = 9658 }
wheels = [
    { url = "https://files.pythonhosted.org/packages/27/1a/1f68f9ba0c207934b35b86a8ca3aad8395a3d6dd7921c0686e23853ff5a9/mccabe-0.7.0-py2.py3-none-any.whl", hash = "sha256:6c2d30ab6be0e4a46919781807b4f0d834ebdd6c6e3dca0bda5a15f863427b6e", size = 7350 },
]

[[package]]
name = "mdurl"
version = "0.1.2"
source = { registry = "https://pypi.org/simple" }
sdist = { url = "https://files.pythonhosted.org/packages/d6/54/cfe61301667036ec958cb99bd3efefba235e65cdeb9c84d24a8293ba1d90/mdurl-0.1.2.tar.gz", hash = "sha256:bb413d29f5eea38f31dd4754dd7377d4465116fb207585f97bf925588687c1ba", size = 8729 }
wheels = [
    { url = "https://files.pythonhosted.org/packages/b3/38/89ba8ad64ae25be8de66a6d463314cf1eb366222074cfda9ee839c56a4b4/mdurl-0.1.2-py3-none-any.whl", hash = "sha256:84008a41e51615a49fc9966191ff91509e3c40b939176e643fd50a5c2196b8f8", size = 9979 },
]

[[package]]
name = "packaging"
version = "24.1"
source = { registry = "https://pypi.org/simple" }
sdist = { url = "https://files.pythonhosted.org/packages/51/65/50db4dda066951078f0a96cf12f4b9ada6e4b811516bf0262c0f4f7064d4/packaging-24.1.tar.gz", hash = "sha256:026ed72c8ed3fcce5bf8950572258698927fd1dbda10a5e981cdf0ac37f4f002", size = 148788 }
wheels = [
    { url = "https://files.pythonhosted.org/packages/08/aa/cc0199a5f0ad350994d660967a8efb233fe0416e4639146c089643407ce6/packaging-24.1-py3-none-any.whl", hash = "sha256:5b8f2217dbdbd2f7f384c41c628544e6d52f2d0f53c6d0c3ea61aa5d1d7ff124", size = 53985 },
]

[[package]]
name = "platformdirs"
version = "4.3.2"
source = { registry = "https://pypi.org/simple" }
sdist = { url = "https://files.pythonhosted.org/packages/75/a0/d7cab8409cdc7d39b037c85ac46d92434fb6595432e069251b38e5c8dd0e/platformdirs-4.3.2.tar.gz", hash = "sha256:9e5e27a08aa095dd127b9f2e764d74254f482fef22b0970773bfba79d091ab8c", size = 21276 }
wheels = [
    { url = "https://files.pythonhosted.org/packages/da/8b/d497999c4017b80678017ddce745cf675489c110681ad3c84a55eddfd3e7/platformdirs-4.3.2-py3-none-any.whl", hash = "sha256:eb1c8582560b34ed4ba105009a4badf7f6f85768b30126f351328507b2beb617", size = 18417 },
]

[[package]]
name = "pluggy"
version = "1.5.0"
source = { registry = "https://pypi.org/simple" }
sdist = { url = "https://files.pythonhosted.org/packages/96/2d/02d4312c973c6050a18b314a5ad0b3210edb65a906f868e31c111dede4a6/pluggy-1.5.0.tar.gz", hash = "sha256:2cffa88e94fdc978c4c574f15f9e59b7f4201d439195c3715ca9e2486f1d0cf1", size = 67955 }
wheels = [
    { url = "https://files.pythonhosted.org/packages/88/5f/e351af9a41f866ac3f1fac4ca0613908d9a41741cfcf2228f4ad853b697d/pluggy-1.5.0-py3-none-any.whl", hash = "sha256:44e1ad92c8ca002de6377e165f3e0f1be63266ab4d554740532335b9d75ea669", size = 20556 },
]

[[package]]
name = "project-916"
version = "0.1.0"
source = { virtual = "." }
dependencies = [
    { name = "autopep8" },
    { name = "complexipy" },
    { name = "pylint" },
    { name = "pytest" },
    { name = "pytest-cov" },
]

[package.metadata]
requires-dist = [
    { name = "autopep8", specifier = ">=2.3.1" },
    { name = "complexipy", specifier = ">=0.4.0" },
    { name = "pylint" },
    { name = "pytest", specifier = ">=5.0.0" },
    { name = "pytest-cov" },
]

[[package]]
name = "pycodestyle"
version = "2.12.1"
source = { registry = "https://pypi.org/simple" }
sdist = { url = "https://files.pythonhosted.org/packages/43/aa/210b2c9aedd8c1cbeea31a50e42050ad56187754b34eb214c46709445801/pycodestyle-2.12.1.tar.gz", hash = "sha256:6838eae08bbce4f6accd5d5572075c63626a15ee3e6f842df996bf62f6d73521", size = 39232 }
wheels = [
    { url = "https://files.pythonhosted.org/packages/3a/d8/a211b3f85e99a0daa2ddec96c949cac6824bd305b040571b82a03dd62636/pycodestyle-2.12.1-py2.py3-none-any.whl", hash = "sha256:46f0fb92069a7c28ab7bb558f05bfc0110dac69a0cd23c61ea0040283a9d78b3", size = 31284 },
]

[[package]]
name = "pygments"
version = "2.18.0"
source = { registry = "https://pypi.org/simple" }
sdist = { url = "https://files.pythonhosted.org/packages/8e/62/8336eff65bcbc8e4cb5d05b55faf041285951b6e80f33e2bff2024788f31/pygments-2.18.0.tar.gz", hash = "sha256:786ff802f32e91311bff3889f6e9a86e81505fe99f2735bb6d60ae0c5004f199", size = 4891905 }
wheels = [
    { url = "https://files.pythonhosted.org/packages/f7/3f/01c8b82017c199075f8f788d0d906b9ffbbc5a47dc9918a945e13d5a2bda/pygments-2.18.0-py3-none-any.whl", hash = "sha256:b8e6aca0523f3ab76fee51799c488e38782ac06eafcf95e7ba832985c8e7b13a", size = 1205513 },
]

[[package]]
name = "pylint"
version = "3.2.7"
source = { registry = "https://pypi.org/simple" }
dependencies = [
    { name = "astroid" },
    { name = "colorama", marker = "sys_platform == 'win32'" },
    { name = "dill" },
    { name = "isort" },
    { name = "mccabe" },
    { name = "platformdirs" },
    { name = "tomlkit" },
]
sdist = { url = "https://files.pythonhosted.org/packages/cf/e8/d59ce8e54884c9475ed6510685ef4311a10001674c28703b23da30f3b24d/pylint-3.2.7.tar.gz", hash = "sha256:1b7a721b575eaeaa7d39db076b6e7743c993ea44f57979127c517c6c572c803e", size = 1511922 }
wheels = [
    { url = "https://files.pythonhosted.org/packages/42/4d/c73bc0fca447b918611985c325cd7017fb762050eb9c6ac6fa7d9ac6fbe4/pylint-3.2.7-py3-none-any.whl", hash = "sha256:02f4aedeac91be69fb3b4bea997ce580a4ac68ce58b89eaefeaf06749df73f4b", size = 519906 },
]

[[package]]
name = "pytest"
version = "8.3.3"
source = { registry = "https://pypi.org/simple" }
dependencies = [
    { name = "colorama", marker = "sys_platform == 'win32'" },
    { name = "iniconfig" },
    { name = "packaging" },
    { name = "pluggy" },
]
sdist = { url = "https://files.pythonhosted.org/packages/8b/6c/62bbd536103af674e227c41a8f3dcd022d591f6eed5facb5a0f31ee33bbc/pytest-8.3.3.tar.gz", hash = "sha256:70b98107bd648308a7952b06e6ca9a50bc660be218d53c257cc1fc94fda10181", size = 1442487 }
wheels = [
    { url = "https://files.pythonhosted.org/packages/6b/77/7440a06a8ead44c7757a64362dd22df5760f9b12dc5f11b6188cd2fc27a0/pytest-8.3.3-py3-none-any.whl", hash = "sha256:a6853c7375b2663155079443d2e45de913a911a11d669df02a50814944db57b2", size = 342341 },
]

[[package]]
name = "pytest-cov"
version = "5.0.0"
source = { registry = "https://pypi.org/simple" }
dependencies = [
    { name = "coverage", extra = ["toml"] },
    { name = "pytest" },
]
sdist = { url = "https://files.pythonhosted.org/packages/74/67/00efc8d11b630c56f15f4ad9c7f9223f1e5ec275aaae3fa9118c6a223ad2/pytest-cov-5.0.0.tar.gz", hash = "sha256:5837b58e9f6ebd335b0f8060eecce69b662415b16dc503883a02f45dfeb14857", size = 63042 }
wheels = [
    { url = "https://files.pythonhosted.org/packages/78/3a/af5b4fa5961d9a1e6237b530eb87dd04aea6eb83da09d2a4073d81b54ccf/pytest_cov-5.0.0-py3-none-any.whl", hash = "sha256:4f0764a1219df53214206bf1feea4633c3b558a2925c8b59f144f682861ce652", size = 21990 },
]

[[package]]
name = "rich"
version = "13.8.1"
source = { registry = "https://pypi.org/simple" }
dependencies = [
    { name = "markdown-it-py" },
    { name = "pygments" },
]
sdist = { url = "https://files.pythonhosted.org/packages/92/76/40f084cb7db51c9d1fa29a7120717892aeda9a7711f6225692c957a93535/rich-13.8.1.tar.gz", hash = "sha256:8260cda28e3db6bf04d2d1ef4dbc03ba80a824c88b0e7668a0f23126a424844a", size = 222080 }
wheels = [
    { url = "https://files.pythonhosted.org/packages/b0/11/dadb85e2bd6b1f1ae56669c3e1f0410797f9605d752d68fb47b77f525b31/rich-13.8.1-py3-none-any.whl", hash = "sha256:1760a3c0848469b97b558fc61c85233e3dafb69c7a071b4d60c38099d3cd4c06", size = 241608 },
]

[[package]]
name = "shellingham"
version = "1.5.4"
source = { registry = "https://pypi.org/simple" }
sdist = { url = "https://files.pythonhosted.org/packages/58/15/8b3609fd3830ef7b27b655beb4b4e9c62313a4e8da8c676e142cc210d58e/shellingham-1.5.4.tar.gz", hash = "sha256:8dbca0739d487e5bd35ab3ca4b36e11c4078f3a234bfce294b0a0291363404de", size = 10310 }
wheels = [
    { url = "https://files.pythonhosted.org/packages/e0/f9/0595336914c5619e5f28a1fb793285925a8cd4b432c9da0a987836c7f822/shellingham-1.5.4-py2.py3-none-any.whl", hash = "sha256:7ecfff8f2fd72616f7481040475a65b2bf8af90a56c89140852d1120324e8686", size = 9755 },
]

[[package]]
name = "tomli"
version = "2.0.1"
source = { registry = "https://pypi.org/simple" }
sdist = { url = "https://files.pythonhosted.org/packages/c0/3f/d7af728f075fb08564c5949a9c95e44352e23dee646869fa104a3b2060a3/tomli-2.0.1.tar.gz", hash = "sha256:de526c12914f0c550d15924c62d72abc48d6fe7364aa87328337a31007fe8a4f", size = 15164 }
wheels = [
    { url = "https://files.pythonhosted.org/packages/97/75/10a9ebee3fd790d20926a90a2547f0bf78f371b2f13aa822c759680ca7b9/tomli-2.0.1-py3-none-any.whl", hash = "sha256:939de3e7a6161af0c887ef91b7d41a53e7c5a1ca976325f429cb46ea9bc30ecc", size = 12757 },
]

[[package]]
name = "tomlkit"
version = "0.13.2"
source = { registry = "https://pypi.org/simple" }
sdist = { url = "https://files.pythonhosted.org/packages/b1/09/a439bec5888f00a54b8b9f05fa94d7f901d6735ef4e55dcec9bc37b5d8fa/tomlkit-0.13.2.tar.gz", hash = "sha256:fff5fe59a87295b278abd31bec92c15d9bc4a06885ab12bcea52c71119392e79", size = 192885 }
wheels = [
    { url = "https://files.pythonhosted.org/packages/f9/b6/a447b5e4ec71e13871be01ba81f5dfc9d0af7e473da256ff46bc0e24026f/tomlkit-0.13.2-py3-none-any.whl", hash = "sha256:7a974427f6e119197f670fbbbeae7bef749a6c14e793db934baefc1b5f03efde", size = 37955 },
]

[[package]]
name = "typer"
version = "0.12.5"
source = { registry = "https://pypi.org/simple" }
dependencies = [
    { name = "click" },
    { name = "rich" },
    { name = "shellingham" },
    { name = "typing-extensions" },
]
sdist = { url = "https://files.pythonhosted.org/packages/c5/58/a79003b91ac2c6890fc5d90145c662fd5771c6f11447f116b63300436bc9/typer-0.12.5.tar.gz", hash = "sha256:f592f089bedcc8ec1b974125d64851029c3b1af145f04aca64d69410f0c9b722", size = 98953 }
wheels = [
    { url = "https://files.pythonhosted.org/packages/a8/2b/886d13e742e514f704c33c4caa7df0f3b89e5a25ef8db02aa9ca3d9535d5/typer-0.12.5-py3-none-any.whl", hash = "sha256:62fe4e471711b147e3365034133904df3e235698399bc4de2b36c8579298d52b", size = 47288 },
]

[[package]]
name = "typing-extensions"
version = "4.12.2"
source = { registry = "https://pypi.org/simple" }
sdist = { url = "https://files.pythonhosted.org/packages/df/db/f35a00659bc03fec321ba8bce9420de607a1d37f8342eee1863174c69557/typing_extensions-4.12.2.tar.gz", hash = "sha256:1a7ead55c7e559dd4dee8856e3a88b41225abfe1ce8df57b7c13915fe121ffb8", size = 85321 }
wheels = [
    { url = "https://files.pythonhosted.org/packages/26/9f/ad63fc0248c5379346306f8668cda6e2e2e9c95e01216d2b8ffd9ff037d0/typing_extensions-4.12.2-py3-none-any.whl", hash = "sha256:04e5ca0351e0f3f85c6853954072df659d0d13fac324d0072316b67d7794700d", size = 37438 },
]
